// !$*UTF8*$!
{
	archiveVersion = 1;
	classes = {
	};
	objectVersion = 48;
	objects = {

/* Begin PBXBuildFile section */
		4C75B1551F911CB700BBA709 /* One2ViewController.swift in Sources */ = {isa = PBXBuildFile; fileRef = 4C75B1541F911CB700BBA709 /* One2ViewController.swift */; };
		4CDCF5231F910AFC00768927 /* AppDelegate.swift in Sources */ = {isa = PBXBuildFile; fileRef = 4CDCF5221F910AFC00768927 /* AppDelegate.swift */; };
		4CDCF5251F910AFC00768927 /* ViewController.swift in Sources */ = {isa = PBXBuildFile; fileRef = 4CDCF5241F910AFC00768927 /* ViewController.swift */; };
		4CDCF5281F910AFC00768927 /* Main.storyboard in Resources */ = {isa = PBXBuildFile; fileRef = 4CDCF5261F910AFC00768927 /* Main.storyboard */; };
		4CDCF52B1F910AFC00768927 /* Doo2017.xcdatamodeld in Sources */ = {isa = PBXBuildFile; fileRef = 4CDCF5291F910AFC00768927 /* Doo2017.xcdatamodeld */; };
		4CDCF52D1F910AFC00768927 /* Assets.xcassets in Resources */ = {isa = PBXBuildFile; fileRef = 4CDCF52C1F910AFC00768927 /* Assets.xcassets */; };
		4CDCF5301F910AFC00768927 /* LaunchScreen.storyboard in Resources */ = {isa = PBXBuildFile; fileRef = 4CDCF52E1F910AFC00768927 /* LaunchScreen.storyboard */; };
/* End PBXBuildFile section */

/* Begin PBXFileReference section */
		4C75B1541F911CB700BBA709 /* One2ViewController.swift */ = {isa = PBXFileReference; lastKnownFileType = sourcecode.swift; path = One2ViewController.swift; sourceTree = "<group>"; };
		4CDCF51F1F910AFC00768927 /* Doo2017.app */ = {isa = PBXFileReference; explicitFileType = wrapper.application; includeInIndex = 0; path = Doo2017.app; sourceTree = BUILT_PRODUCTS_DIR; };
		4CDCF5221F910AFC00768927 /* AppDelegate.swift */ = {isa = PBXFileReference; lastKnownFileType = sourcecode.swift; path = AppDelegate.swift; sourceTree = "<group>"; };
		4CDCF5241F910AFC00768927 /* ViewController.swift */ = {isa = PBXFileReference; lastKnownFileType = sourcecode.swift; path = ViewController.swift; sourceTree = "<group>"; };
		4CDCF5271F910AFC00768927 /* Base */ = {isa = PBXFileReference; lastKnownFileType = file.storyboard; name = Base; path = Base.lproj/Main.storyboard; sourceTree = "<group>"; };
		4CDCF52A1F910AFC00768927 /* Doo2017.xcdatamodel */ = {isa = PBXFileReference; lastKnownFileType = wrapper.xcdatamodel; path = Doo2017.xcdatamodel; sourceTree = "<group>"; };
		4CDCF52C1F910AFC00768927 /* Assets.xcassets */ = {isa = PBXFileReference; lastKnownFileType = folder.assetcatalog; path = Assets.xcassets; sourceTree = "<group>"; };
		4CDCF52F1F910AFC00768927 /* Base */ = {isa = PBXFileReference; lastKnownFileType = file.storyboard; name = Base; path = Base.lproj/LaunchScreen.storyboard; sourceTree = "<group>"; };
		4CDCF5311F910AFC00768927 /* Info.plist */ = {isa = PBXFileReference; lastKnownFileType = text.plist.xml; path = Info.plist; sourceTree = "<group>"; };
/* End PBXFileReference section */

/* Begin PBXFrameworksBuildPhase section */
		4CDCF51C1F910AFC00768927 /* Frameworks */ = {
			isa = PBXFrameworksBuildPhase;
			buildActionMask = 2147483647;
			files = (
			);
			runOnlyForDeploymentPostprocessing = 0;
		};
/* End PBXFrameworksBuildPhase section */

/* Begin PBXGroup section */
		4CDCF5161F910AFC00768927 = {
			isa = PBXGroup;
			children = (
				4CDCF5211F910AFC00768927 /* Doo2017 */,
				4CDCF5371F910B0E00768927 /* Support */,
				4CDCF5201F910AFC00768927 /* Products */,
			);
			sourceTree = "<group>";
		};
		4CDCF5201F910AFC00768927 /* Products */ = {
			isa = PBXGroup;
			children = (
				4CDCF51F1F910AFC00768927 /* Doo2017.app */,
			);
			name = Products;
			sourceTree = "<group>";
		};
		4CDCF5211F910AFC00768927 /* Doo2017 */ = {
			isa = PBXGroup;
			children = (
				4CDCF5241F910AFC00768927 /* ViewController.swift */,
				4CDCF5261F910AFC00768927 /* Main.storyboard */,
				4CDCF52E1F910AFC00768927 /* LaunchScreen.storyboard */,
				4CDCF5311F910AFC00768927 /* Info.plist */,
				4C75B1541F911CB700BBA709 /* One2ViewController.swift */,
			);
			path = Doo2017;
			sourceTree = "<group>";
		};
		4CDCF5371F910B0E00768927 /* Support */ = {
			isa = PBXGroup;
			children = (
				4CDCF5221F910AFC00768927 /* AppDelegate.swift */,
				4CDCF52C1F910AFC00768927 /* Assets.xcassets */,
				4CDCF5291F910AFC00768927 /* Doo2017.xcdatamodeld */,
			);
			path = Support;
			sourceTree = "<group>";
		};
/* End PBXGroup section */

/* Begin PBXNativeTarget section */
		4CDCF51E1F910AFC00768927 /* Doo2017 */ = {
			isa = PBXNativeTarget;
			buildConfigurationList = 4CDCF5341F910AFC00768927 /* Build configuration list for PBXNativeTarget "Doo2017" */;
			buildPhases = (
				4CDCF51B1F910AFC00768927 /* Sources */,
				4CDCF51C1F910AFC00768927 /* Frameworks */,
				4CDCF51D1F910AFC00768927 /* Resources */,
			);
			buildRules = (
			);
			dependencies = (
			);
			name = Doo2017;
			productName = Doo2017;
			productReference = 4CDCF51F1F910AFC00768927 /* Doo2017.app */;
			productType = "com.apple.product-type.application";
		};
/* End PBXNativeTarget section */

/* Begin PBXProject section */
		4CDCF5171F910AFC00768927 /* Project object */ = {
			isa = PBXProject;
			attributes = {
				LastSwiftUpdateCheck = 0900;
				LastUpgradeCheck = 0900;
				ORGANIZATIONNAME = "Braver Chiang";
				TargetAttributes = {
					4CDCF51E1F910AFC00768927 = {
						CreatedOnToolsVersion = 9.0;
						ProvisioningStyle = Automatic;
					};
				};
			};
			buildConfigurationList = 4CDCF51A1F910AFC00768927 /* Build configuration list for PBXProject "Doo2017" */;
			compatibilityVersion = "Xcode 8.0";
			developmentRegion = en;
			hasScannedForEncodings = 0;
			knownRegions = (
				en,
				Base,
			);
			mainGroup = 4CDCF5161F910AFC00768927;
			productRefGroup = 4CDCF5201F910AFC00768927 /* Products */;
			projectDirPath = "";
			projectRoot = "";
			targets = (
				4CDCF51E1F910AFC00768927 /* Doo2017 */,
			);
		};
/* End PBXProject section */

/* Begin PBXResourcesBuildPhase section */
		4CDCF51D1F910AFC00768927 /* Resources */ = {
			isa = PBXResourcesBuildPhase;
			buildActionMask = 2147483647;
			files = (
				4CDCF5301F910AFC00768927 /* LaunchScreen.storyboard in Resources */,
				4CDCF52D1F910AFC00768927 /* Assets.xcassets in Resources */,
				4CDCF5281F910AFC00768927 /* Main.storyboard in Resources */,
			);
			runOnlyForDeploymentPostprocessing = 0;
		};
/* End PBXResourcesBuildPhase section */

/* Begin PBXSourcesBuildPhase section */
		4CDCF51B1F910AFC00768927 /* Sources */ = {
			isa = PBXSourcesBuildPhase;
			buildActionMask = 2147483647;
			files = (
				4CDCF5251F910AFC00768927 /* ViewController.swift in Sources */,
				4CDCF5231F910AFC00768927 /* AppDelegate.swift in Sources */,
				4C75B1551F911CB700BBA709 /* One2ViewController.swift in Sources */,
				4CDCF52B1F910AFC00768927 /* Doo2017.xcdatamodeld in Sources */,
			);
			runOnlyForDeploymentPostprocessing = 0;
		};
/* End PBXSourcesBuildPhase section */

/* Begin PBXVariantGroup section */
		4CDCF5261F910AFC00768927 /* Main.storyboard */ = {
			isa = PBXVariantGroup;
			children = (
				4CDCF5271F910AFC00768927 /* Base */,
			);
			name = Main.storyboard;
			sourceTree = "<group>";
		};
		4CDCF52E1F910AFC00768927 /* LaunchScreen.storyboard */ = {
			isa = PBXVariantGroup;
			children = (
				4CDCF52F1F910AFC00768927 /* Base */,
			);
			name = LaunchScreen.storyboard;
			sourceTree = "<group>";
		};
/* End PBXVariantGroup section */

/* Begin XCBuildConfiguration section */
		4CDCF5321F910AFC00768927 /* Debug */ = {
			isa = XCBuildConfiguration;
			buildSettings = {
				ALWAYS_SEARCH_USER_PATHS = NO;
				CLANG_ANALYZER_NONNULL = YES;
				CLANG_ANALYZER_NUMBER_OBJECT_CONVERSION = YES_AGGRESSIVE;
				CLANG_CXX_LANGUAGE_STANDARD = "gnu++14";
				CLANG_CXX_LIBRARY = "libc++";
				CLANG_ENABLE_MODULES = YES;
				CLANG_ENABLE_OBJC_ARC = YES;
				CLANG_WARN_BLOCK_CAPTURE_AUTORELEASING = YES;
				CLANG_WARN_BOOL_CONVERSION = YES;
				CLANG_WARN_COMMA = YES;
				CLANG_WARN_CONSTANT_CONVERSION = YES;
				CLANG_WARN_DIRECT_OBJC_ISA_USAGE = YES_ERROR;
				CLANG_WARN_DOCUMENTATION_COMMENTS = YES;
				CLANG_WARN_EMPTY_BODY = YES;
				CLANG_WARN_ENUM_CONVERSION = YES;
				CLANG_WARN_INFINITE_RECURSION = YES;
				CLANG_WARN_INT_CONVERSION = YES;
				CLANG_WARN_NON_LITERAL_NULL_CONVERSION = YES;
				CLANG_WARN_OBJC_LITERAL_CONVERSION = YES;
				CLANG_WARN_OBJC_ROOT_CLASS = YES_ERROR;
				CLANG_WARN_RANGE_LOOP_ANALYSIS = YES;
				CLANG_WARN_STRICT_PROTOTYPES = YES;
				CLANG_WARN_SUSPICIOUS_MOVE = YES;
				CLANG_WARN_UNGUARDED_AVAILABILITY = YES_AGGRESSIVE;
				CLANG_WARN_UNREACHABLE_CODE = YES;
				CLANG_WARN__DUPLICATE_METHOD_MATCH = YES;
				CODE_SIGN_IDENTITY = "iPhone Developer";
				COPY_PHASE_STRIP = NO;
				DEBUG_INFORMATION_FORMAT = dwarf;
				ENABLE_STRICT_OBJC_MSGSEND = YES;
				ENABLE_TESTABILITY = YES;
				GCC_C_LANGUAGE_STANDARD = gnu11;
				GCC_DYNAMIC_NO_PIC = NO;
				GCC_NO_COMMON_BLOCKS = YES;
				GCC_OPTIMIZATION_LEVEL = 0;
				GCC_PREPROCESSOR_DEFINITIONS = (
					"DEBUG=1",
					"$(inherited)",
				);
				GCC_WARN_64_TO_32_BIT_CONVERSION = YES;
				GCC_WARN_ABOUT_RETURN_TYPE = YES_ERROR;
				GCC_WARN_UNDECLARED_SELECTOR = YES;
				GCC_WARN_UNINITIALIZED_AUTOS = YES_AGGRESSIVE;
				GCC_WARN_UNUSED_FUNCTION = YES;
				GCC_WARN_UNUSED_VARIABLE = YES;
				IPHONEOS_DEPLOYMENT_TARGET = 11.0;
				MTL_ENABLE_DEBUG_INFO = YES;
				ONLY_ACTIVE_ARCH = YES;
				SDKROOT = iphoneos;
				SWIFT_ACTIVE_COMPILATION_CONDITIONS = DEBUG;
				SWIFT_OPTIMIZATION_LEVEL = "-Onone";
			};
			name = Debug;
		};
		4CDCF5331F910AFC00768927 /* Release */ = {
			isa = XCBuildConfiguration;
			buildSettings = {
				ALWAYS_SEARCH_USER_PATHS = NO;
				CLANG_ANALYZER_NONNULL = YES;
				CLANG_ANALYZER_NUMBER_OBJECT_CONVERSION = YES_AGGRESSIVE;
				CLANG_CXX_LANGUAGE_STANDARD = "gnu++14";
				CLANG_CXX_LIBRARY = "libc++";
				CLANG_ENABLE_MODULES = YES;
				CLANG_ENABLE_OBJC_ARC = YES;
				CLANG_WARN_BLOCK_CAPTURE_AUTORELEASING = YES;
				CLANG_WARN_BOOL_CONVERSION = YES;
				CLANG_WARN_COMMA = YES;
				CLANG_WARN_CONSTANT_CONVERSION = YES;
				CLANG_WARN_DIRECT_OBJC_ISA_USAGE = YES_ERROR;
				CLANG_WARN_DOCUMENTATION_COMMENTS = YES;
				CLANG_WARN_EMPTY_BODY = YES;
				CLANG_WARN_ENUM_CONVERSION = YES;
				CLANG_WARN_INFINITE_RECURSION = YES;
				CLANG_WARN_INT_CONVERSION = YES;
				CLANG_WARN_NON_LITERAL_NULL_CONVERSION = YES;
				CLANG_WARN_OBJC_LITERAL_CONVERSION = YES;
				CLANG_WARN_OBJC_ROOT_CLASS = YES_ERROR;
				CLANG_WARN_RANGE_LOOP_ANALYSIS = YES;
				CLANG_WARN_STRICT_PROTOTYPES = YES;
				CLANG_WARN_SUSPICIOUS_MOVE = YES;
				CLANG_WARN_UNGUARDED_AVAILABILITY = YES_AGGRESSIVE;
				CLANG_WARN_UNREACHABLE_CODE = YES;
				CLANG_WARN__DUPLICATE_METHOD_MATCH = YES;
				CODE_SIGN_IDENTITY = "iPhone Developer";
				COPY_PHASE_STRIP = NO;
				DEBUG_INFORMATION_FORMAT = "dwarf-with-dsym";
				ENABLE_NS_ASSERTIONS = NO;
				ENABLE_STRICT_OBJC_MSGSEND = YES;
				GCC_C_LANGUAGE_STANDARD = gnu11;
				GCC_NO_COMMON_BLOCKS = YES;
				GCC_WARN_64_TO_32_BIT_CONVERSION = YES;
				GCC_WARN_ABOUT_RETURN_TYPE = YES_ERROR;
				GCC_WARN_UNDECLARED_SELECTOR = YES;
				GCC_WARN_UNINITIALIZED_AUTOS = YES_AGGRESSIVE;
				GCC_WARN_UNUSED_FUNCTION = YES;
				GCC_WARN_UNUSED_VARIABLE = YES;
				IPHONEOS_DEPLOYMENT_TARGET = 11.0;
				MTL_ENABLE_DEBUG_INFO = NO;
				SDKROOT = iphoneos;
				SWIFT_OPTIMIZATION_LEVEL = "-Owholemodule";
				VALIDATE_PRODUCT = YES;
			};
			name = Release;
		};
		4CDCF5351F910AFC00768927 /* Debug */ = {
			isa = XCBuildConfiguration;
			buildSettings = {
				ASSETCATALOG_COMPILER_APPICON_NAME = AppIcon;
				CODE_SIGN_STYLE = Automatic;
				DEVELOPMENT_TEAM = 98482NNU8L;
				INFOPLIST_FILE = Doo2017/Info.plist;
				LD_RUNPATH_SEARCH_PATHS = "$(inherited) @executable_path/Frameworks";
				PRODUCT_BUNDLE_IDENTIFIER = com.doo.Doo2017;
				PRODUCT_NAME = "$(TARGET_NAME)";
				SWIFT_VERSION = 4.0;
				TARGETED_DEVICE_FAMILY = "1,2";
			};
			name = Debug;
		};
		4CDCF5361F910AFC00768927 /* Release */ = {
			isa = XCBuildConfiguration;
			buildSettings = {
				ASSETCATALOG_COMPILER_APPICON_NAME = AppIcon;
				CODE_SIGN_STYLE = Automatic;
				DEVELOPMENT_TEAM = 98482NNU8L;
				INFOPLIST_FILE = Doo2017/Info.plist;
				LD_RUNPATH_SEARCH_PATHS = "$(inherited) @executable_path/Frameworks";
				PRODUCT_BUNDLE_IDENTIFIER = com.doo.Doo2017;
				PRODUCT_NAME = "$(TARGET_NAME)";
				SWIFT_VERSION = 4.0;
				TARGETED_DEVICE_FAMILY = "1,2";
			};
			name = Release;
		};
/* End XCBuildConfiguration section */

/* Begin XCConfigurationList section */
		4CDCF51A1F910AFC00768927 /* Build configuration list for PBXProject "Doo2017" */ = {
			isa = XCConfigurationList;
			buildConfigurations = (
				4CDCF5321F910AFC00768927 /* Debug */,
				4CDCF5331F910AFC00768927 /* Release */,
			);
			defaultConfigurationIsVisible = 0;
			defaultConfigurationName = Release;
		};
		4CDCF5341F910AFC00768927 /* Build configuration list for PBXNativeTarget "Doo2017" */ = {
			isa = XCConfigurationList;
			buildConfigurations = (
				4CDCF5351F910AFC00768927 /* Debug */,
				4CDCF5361F910AFC00768927 /* Release */,
			);
			defaultConfigurationIsVisible = 0;
			defaultConfigurationName = Release;
		};
/* End XCConfigurationList section */

/* Begin XCVersionGroup section */
		4CDCF5291F910AFC00768927 /* Doo2017.xcdatamodeld */ = {
			isa = XCVersionGroup;
			children = (
				4CDCF52A1F910AFC00768927 /* Doo2017.xcdatamodel */,
			);
			currentVersion = 4CDCF52A1F910AFC00768927 /* Doo2017.xcdatamodel */;
			path = Doo2017.xcdatamodeld;
			sourceTree = "<group>";
			versionGroupType = wrapper.xcdatamodel;
		};
/* End XCVersionGroup section */
	};
	rootObject = 4CDCF5171F910AFC00768927 /* Project object */;
}
